
Microsoft Visual Studio Solution File, Format Version 12.00
# Visual Studio Version 17
VisualStudioVersion = 17.6.33801.468
MinimumVisualStudioVersion = 10.0.40219.1
Project("{FAE04EC0-301F-11D3-BF4B-00C04F79EFBC}") = "WpfApp3", "WpfApp3\WpfApp3.csproj", "{345E65C4-2C22-4710-BEB7-2D0E71CF95E6}"
EndProject
Global
	GlobalSection(SolutionConfigurationPlatforms) = preSolution
		Debug|Any CPU = Debug|Any CPU
		Release|Any CPU = Release|Any CPU
	EndGlobalSection
	GlobalSection(ProjectConfigurationPlatforms) = postSolution
		{345E65C4-2C22-4710-BEB7-2D0E71CF95E6}.Debug|Any CPU.ActiveCfg = Debug|Any CPU
		{345E65C4-2C22-4710-BEB7-2D0E71CF95E6}.Debug|Any CPU.Build.0 = Debug|Any CPU
		{345E65C4-2C22-4710-BEB7-2D0E71CF95E6}.Release|Any CPU.ActiveCfg = Release|Any CPU
		{345E65C4-2C22-4710-BEB7-2D0E71CF95E6}.Release|Any CPU.Build.0 = Release|Any CPU
	EndGlobalSection
	GlobalSection(SolutionProperties) = preSolution
		HideSolutionNode = FALSE
	EndGlobalSection
	GlobalSection(ExtensibilityGlobals) = postSolution
		SolutionGuid = {A93C19A7-64CE-4209-8484-9FE2BBA5D6BC}
	EndGlobalSection
EndGlobal
